
Microsoft Visual Studio Solution File, Format Version 12.00
# Visual Studio Version 17
VisualStudioVersion = 17.4.33213.308
MinimumVisualStudioVersion = 10.0.40219.1
Project("{FAE04EC0-301F-11D3-BF4B-00C04F79EFBC}") = "EMSProject", "EMSProject.csproj", "{7F497369-B9E6-4DEF-8136-78EA741209BC}"
EndProject
Project("{FAE04EC0-301F-11D3-BF4B-00C04F79EFBC}") = "EMSTestProject", "..\EMSTestProject\EMSTestProject.csproj", "{20BA3FC6-9FB1-46F3-BA86-70AD049091CC}"
EndProject
Global
	GlobalSection(SolutionConfigurationPlatforms) = preSolution
		Debug|Any CPU = Debug|Any CPU
		Release|Any CPU = Release|Any CPU
	EndGlobalSection
	GlobalSection(ProjectConfigurationPlatforms) = postSolution
		{7F497369-B9E6-4DEF-8136-78EA741209BC}.Debug|Any CPU.ActiveCfg = Debug|Any CPU
		{7F497369-B9E6-4DEF-8136-78EA741209BC}.Debug|Any CPU.Build.0 = Debug|Any CPU
		{7F497369-B9E6-4DEF-8136-78EA741209BC}.Release|Any CPU.ActiveCfg = Release|Any CPU
		{7F497369-B9E6-4DEF-8136-78EA741209BC}.Release|Any CPU.Build.0 = Release|Any CPU
		{20BA3FC6-9FB1-46F3-BA86-70AD049091CC}.Debug|Any CPU.ActiveCfg = Debug|Any CPU
		{20BA3FC6-9FB1-46F3-BA86-70AD049091CC}.Debug|Any CPU.Build.0 = Debug|Any CPU
		{20BA3FC6-9FB1-46F3-BA86-70AD049091CC}.Release|Any CPU.ActiveCfg = Release|Any CPU
		{20BA3FC6-9FB1-46F3-BA86-70AD049091CC}.Release|Any CPU.Build.0 = Release|Any CPU
	EndGlobalSection
	GlobalSection(SolutionProperties) = preSolution
		HideSolutionNode = FALSE
	EndGlobalSection
	GlobalSection(ExtensibilityGlobals) = postSolution
		SolutionGuid = {F552DD03-60D6-4407-BA85-BD6B53D02454}
	EndGlobalSection
EndGlobal
